{
  "lockfileVersion": 1,
  "workspaces": {
    "": {
      "name": "anyolabs-regl",
      "dependencies": {
        "angle-normals": "^1.0.0",
        "bunny": "^1.0.1",
        "conway-hart": "^0.1.0",
        "dat.gui": "^0.7.9",
        "gl-mat3": "^2.0.0",
        "gl-mat4": "^1.2.0",
        "gl-vec3": "^1.1.3",
        "icosphere": "^1.0.0",
        "loop-subdivide": "^1.0.0",
        "mouse-change": "^1.4.0",
        "primitive-sphere": "^3.0.0",
        "regl": "^2.1.1",
        "resl": "^1.0.3",
        "sphere-mesh": "^0.2.2",
      },
      "devDependencies": {
        "vite": "^6.2.0",
        "vite-bundle-analyzer": "^0.18.1",
        "vite-plugin-lygia-resolver": "^1.4.2",
      },
    },
  },
  "packages": {
    "@esbuild/aix-ppc64": ["@esbuild/aix-ppc64@0.25.1", "", { "os": "aix", "cpu": "ppc64" }, "sha512-kfYGy8IdzTGy+z0vFGvExZtxkFlA4zAxgKEahG9KE1ScBjpQnFsNOX8KTU5ojNru5ed5CVoJYXFtoxaq5nFbjQ=="],

    "@esbuild/android-arm": ["@esbuild/android-arm@0.25.1", "", { "os": "android", "cpu": "arm" }, "sha512-dp+MshLYux6j/JjdqVLnMglQlFu+MuVeNrmT5nk6q07wNhCdSnB7QZj+7G8VMUGh1q+vj2Bq8kRsuyA00I/k+Q=="],

    "@esbuild/android-arm64": ["@esbuild/android-arm64@0.25.1", "", { "os": "android", "cpu": "arm64" }, "sha512-50tM0zCJW5kGqgG7fQ7IHvQOcAn9TKiVRuQ/lN0xR+T2lzEFvAi1ZcS8DiksFcEpf1t/GYOeOfCAgDHFpkiSmA=="],

    "@esbuild/android-x64": ["@esbuild/android-x64@0.25.1", "", { "os": "android", "cpu": "x64" }, "sha512-GCj6WfUtNldqUzYkN/ITtlhwQqGWu9S45vUXs7EIYf+7rCiiqH9bCloatO9VhxsL0Pji+PF4Lz2XXCES+Q8hDw=="],

    "@esbuild/darwin-arm64": ["@esbuild/darwin-arm64@0.25.1", "", { "os": "darwin", "cpu": "arm64" }, "sha512-5hEZKPf+nQjYoSr/elb62U19/l1mZDdqidGfmFutVUjjUZrOazAtwK+Kr+3y0C/oeJfLlxo9fXb1w7L+P7E4FQ=="],

    "@esbuild/darwin-x64": ["@esbuild/darwin-x64@0.25.1", "", { "os": "darwin", "cpu": "x64" }, "sha512-hxVnwL2Dqs3fM1IWq8Iezh0cX7ZGdVhbTfnOy5uURtao5OIVCEyj9xIzemDi7sRvKsuSdtCAhMKarxqtlyVyfA=="],

    "@esbuild/freebsd-arm64": ["@esbuild/freebsd-arm64@0.25.1", "", { "os": "freebsd", "cpu": "arm64" }, "sha512-1MrCZs0fZa2g8E+FUo2ipw6jw5qqQiH+tERoS5fAfKnRx6NXH31tXBKI3VpmLijLH6yriMZsxJtaXUyFt/8Y4A=="],

    "@esbuild/freebsd-x64": ["@esbuild/freebsd-x64@0.25.1", "", { "os": "freebsd", "cpu": "x64" }, "sha512-0IZWLiTyz7nm0xuIs0q1Y3QWJC52R8aSXxe40VUxm6BB1RNmkODtW6LHvWRrGiICulcX7ZvyH6h5fqdLu4gkww=="],

    "@esbuild/linux-arm": ["@esbuild/linux-arm@0.25.1", "", { "os": "linux", "cpu": "arm" }, "sha512-NdKOhS4u7JhDKw9G3cY6sWqFcnLITn6SqivVArbzIaf3cemShqfLGHYMx8Xlm/lBit3/5d7kXvriTUGa5YViuQ=="],

    "@esbuild/linux-arm64": ["@esbuild/linux-arm64@0.25.1", "", { "os": "linux", "cpu": "arm64" }, "sha512-jaN3dHi0/DDPelk0nLcXRm1q7DNJpjXy7yWaWvbfkPvI+7XNSc/lDOnCLN7gzsyzgu6qSAmgSvP9oXAhP973uQ=="],

    "@esbuild/linux-ia32": ["@esbuild/linux-ia32@0.25.1", "", { "os": "linux", "cpu": "ia32" }, "sha512-OJykPaF4v8JidKNGz8c/q1lBO44sQNUQtq1KktJXdBLn1hPod5rE/Hko5ugKKZd+D2+o1a9MFGUEIUwO2YfgkQ=="],

    "@esbuild/linux-loong64": ["@esbuild/linux-loong64@0.25.1", "", { "os": "linux", "cpu": "none" }, "sha512-nGfornQj4dzcq5Vp835oM/o21UMlXzn79KobKlcs3Wz9smwiifknLy4xDCLUU0BWp7b/houtdrgUz7nOGnfIYg=="],

    "@esbuild/linux-mips64el": ["@esbuild/linux-mips64el@0.25.1", "", { "os": "linux", "cpu": "none" }, "sha512-1osBbPEFYwIE5IVB/0g2X6i1qInZa1aIoj1TdL4AaAb55xIIgbg8Doq6a5BzYWgr+tEcDzYH67XVnTmUzL+nXg=="],

    "@esbuild/linux-ppc64": ["@esbuild/linux-ppc64@0.25.1", "", { "os": "linux", "cpu": "ppc64" }, "sha512-/6VBJOwUf3TdTvJZ82qF3tbLuWsscd7/1w+D9LH0W/SqUgM5/JJD0lrJ1fVIfZsqB6RFmLCe0Xz3fmZc3WtyVg=="],

    "@esbuild/linux-riscv64": ["@esbuild/linux-riscv64@0.25.1", "", { "os": "linux", "cpu": "none" }, "sha512-nSut/Mx5gnilhcq2yIMLMe3Wl4FK5wx/o0QuuCLMtmJn+WeWYoEGDN1ipcN72g1WHsnIbxGXd4i/MF0gTcuAjQ=="],

    "@esbuild/linux-s390x": ["@esbuild/linux-s390x@0.25.1", "", { "os": "linux", "cpu": "s390x" }, "sha512-cEECeLlJNfT8kZHqLarDBQso9a27o2Zd2AQ8USAEoGtejOrCYHNtKP8XQhMDJMtthdF4GBmjR2au3x1udADQQQ=="],

    "@esbuild/linux-x64": ["@esbuild/linux-x64@0.25.1", "", { "os": "linux", "cpu": "x64" }, "sha512-xbfUhu/gnvSEg+EGovRc+kjBAkrvtk38RlerAzQxvMzlB4fXpCFCeUAYzJvrnhFtdeyVCDANSjJvOvGYoeKzFA=="],

    "@esbuild/netbsd-arm64": ["@esbuild/netbsd-arm64@0.25.1", "", { "os": "none", "cpu": "arm64" }, "sha512-O96poM2XGhLtpTh+s4+nP7YCCAfb4tJNRVZHfIE7dgmax+yMP2WgMd2OecBuaATHKTHsLWHQeuaxMRnCsH8+5g=="],

    "@esbuild/netbsd-x64": ["@esbuild/netbsd-x64@0.25.1", "", { "os": "none", "cpu": "x64" }, "sha512-X53z6uXip6KFXBQ+Krbx25XHV/NCbzryM6ehOAeAil7X7oa4XIq+394PWGnwaSQ2WRA0KI6PUO6hTO5zeF5ijA=="],

    "@esbuild/openbsd-arm64": ["@esbuild/openbsd-arm64@0.25.1", "", { "os": "openbsd", "cpu": "arm64" }, "sha512-Na9T3szbXezdzM/Kfs3GcRQNjHzM6GzFBeU1/6IV/npKP5ORtp9zbQjvkDJ47s6BCgaAZnnnu/cY1x342+MvZg=="],

    "@esbuild/openbsd-x64": ["@esbuild/openbsd-x64@0.25.1", "", { "os": "openbsd", "cpu": "x64" }, "sha512-T3H78X2h1tszfRSf+txbt5aOp/e7TAz3ptVKu9Oyir3IAOFPGV6O9c2naym5TOriy1l0nNf6a4X5UXRZSGX/dw=="],

    "@esbuild/sunos-x64": ["@esbuild/sunos-x64@0.25.1", "", { "os": "sunos", "cpu": "x64" }, "sha512-2H3RUvcmULO7dIE5EWJH8eubZAI4xw54H1ilJnRNZdeo8dTADEZ21w6J22XBkXqGJbe0+wnNJtw3UXRoLJnFEg=="],

    "@esbuild/win32-arm64": ["@esbuild/win32-arm64@0.25.1", "", { "os": "win32", "cpu": "arm64" }, "sha512-GE7XvrdOzrb+yVKB9KsRMq+7a2U/K5Cf/8grVFRAGJmfADr/e/ODQ134RK2/eeHqYV5eQRFxb1hY7Nr15fv1NQ=="],

    "@esbuild/win32-ia32": ["@esbuild/win32-ia32@0.25.1", "", { "os": "win32", "cpu": "ia32" }, "sha512-uOxSJCIcavSiT6UnBhBzE8wy3n0hOkJsBOzy7HDAuTDE++1DJMRRVCPGisULScHL+a/ZwdXPpXD3IyFKjA7K8A=="],

    "@esbuild/win32-x64": ["@esbuild/win32-x64@0.25.1", "", { "os": "win32", "cpu": "x64" }, "sha512-Y1EQdcfwMSeQN/ujR5VayLOJ1BHaK+ssyk0AEzPjC+t1lITgsnccPqFjb6V+LsTp/9Iov4ysfjxLaGJ9RPtkVg=="],

    "@rollup/pluginutils": ["@rollup/pluginutils@5.1.4", "", { "dependencies": { "@types/estree": "^1.0.0", "estree-walker": "^2.0.2", "picomatch": "^4.0.2" }, "peerDependencies": { "rollup": "^1.20.0||^2.0.0||^3.0.0||^4.0.0" }, "optionalPeers": ["rollup"] }, "sha512-USm05zrsFxYLPdWWq+K3STlWiT/3ELn3RcV5hJMghpeAIhxfsUIg6mt12CBJBInWMV4VneoV7SfGv8xIwo2qNQ=="],

    "@rollup/rollup-android-arm-eabi": ["@rollup/rollup-android-arm-eabi@4.36.0", "", { "os": "android", "cpu": "arm" }, "sha512-jgrXjjcEwN6XpZXL0HUeOVGfjXhPyxAbbhD0BlXUB+abTOpbPiN5Wb3kOT7yb+uEtATNYF5x5gIfwutmuBA26w=="],

    "@rollup/rollup-android-arm64": ["@rollup/rollup-android-arm64@4.36.0", "", { "os": "android", "cpu": "arm64" }, "sha512-NyfuLvdPdNUfUNeYKUwPwKsE5SXa2J6bCt2LdB/N+AxShnkpiczi3tcLJrm5mA+eqpy0HmaIY9F6XCa32N5yzg=="],

    "@rollup/rollup-darwin-arm64": ["@rollup/rollup-darwin-arm64@4.36.0", "", { "os": "darwin", "cpu": "arm64" }, "sha512-JQ1Jk5G4bGrD4pWJQzWsD8I1n1mgPXq33+/vP4sk8j/z/C2siRuxZtaUA7yMTf71TCZTZl/4e1bfzwUmFb3+rw=="],

    "@rollup/rollup-darwin-x64": ["@rollup/rollup-darwin-x64@4.36.0", "", { "os": "darwin", "cpu": "x64" }, "sha512-6c6wMZa1lrtiRsbDziCmjE53YbTkxMYhhnWnSW8R/yqsM7a6mSJ3uAVT0t8Y/DGt7gxUWYuFM4bwWk9XCJrFKA=="],

    "@rollup/rollup-freebsd-arm64": ["@rollup/rollup-freebsd-arm64@4.36.0", "", { "os": "freebsd", "cpu": "arm64" }, "sha512-KXVsijKeJXOl8QzXTsA+sHVDsFOmMCdBRgFmBb+mfEb/7geR7+C8ypAml4fquUt14ZyVXaw2o1FWhqAfOvA4sg=="],

    "@rollup/rollup-freebsd-x64": ["@rollup/rollup-freebsd-x64@4.36.0", "", { "os": "freebsd", "cpu": "x64" }, "sha512-dVeWq1ebbvByI+ndz4IJcD4a09RJgRYmLccwlQ8bPd4olz3Y213uf1iwvc7ZaxNn2ab7bjc08PrtBgMu6nb4pQ=="],

    "@rollup/rollup-linux-arm-gnueabihf": ["@rollup/rollup-linux-arm-gnueabihf@4.36.0", "", { "os": "linux", "cpu": "arm" }, "sha512-bvXVU42mOVcF4le6XSjscdXjqx8okv4n5vmwgzcmtvFdifQ5U4dXFYaCB87namDRKlUL9ybVtLQ9ztnawaSzvg=="],

    "@rollup/rollup-linux-arm-musleabihf": ["@rollup/rollup-linux-arm-musleabihf@4.36.0", "", { "os": "linux", "cpu": "arm" }, "sha512-JFIQrDJYrxOnyDQGYkqnNBtjDwTgbasdbUiQvcU8JmGDfValfH1lNpng+4FWlhaVIR4KPkeddYjsVVbmJYvDcg=="],

    "@rollup/rollup-linux-arm64-gnu": ["@rollup/rollup-linux-arm64-gnu@4.36.0", "", { "os": "linux", "cpu": "arm64" }, "sha512-KqjYVh3oM1bj//5X7k79PSCZ6CvaVzb7Qs7VMWS+SlWB5M8p3FqufLP9VNp4CazJ0CsPDLwVD9r3vX7Ci4J56A=="],

    "@rollup/rollup-linux-arm64-musl": ["@rollup/rollup-linux-arm64-musl@4.36.0", "", { "os": "linux", "cpu": "arm64" }, "sha512-QiGnhScND+mAAtfHqeT+cB1S9yFnNQ/EwCg5yE3MzoaZZnIV0RV9O5alJAoJKX/sBONVKeZdMfO8QSaWEygMhw=="],

    "@rollup/rollup-linux-loongarch64-gnu": ["@rollup/rollup-linux-loongarch64-gnu@4.36.0", "", { "os": "linux", "cpu": "none" }, "sha512-1ZPyEDWF8phd4FQtTzMh8FQwqzvIjLsl6/84gzUxnMNFBtExBtpL51H67mV9xipuxl1AEAerRBgBwFNpkw8+Lg=="],

    "@rollup/rollup-linux-powerpc64le-gnu": ["@rollup/rollup-linux-powerpc64le-gnu@4.36.0", "", { "os": "linux", "cpu": "ppc64" }, "sha512-VMPMEIUpPFKpPI9GZMhJrtu8rxnp6mJR3ZzQPykq4xc2GmdHj3Q4cA+7avMyegXy4n1v+Qynr9fR88BmyO74tg=="],

    "@rollup/rollup-linux-riscv64-gnu": ["@rollup/rollup-linux-riscv64-gnu@4.36.0", "", { "os": "linux", "cpu": "none" }, "sha512-ttE6ayb/kHwNRJGYLpuAvB7SMtOeQnVXEIpMtAvx3kepFQeowVED0n1K9nAdraHUPJ5hydEMxBpIR7o4nrm8uA=="],

    "@rollup/rollup-linux-s390x-gnu": ["@rollup/rollup-linux-s390x-gnu@4.36.0", "", { "os": "linux", "cpu": "s390x" }, "sha512-4a5gf2jpS0AIe7uBjxDeUMNcFmaRTbNv7NxI5xOCs4lhzsVyGR/0qBXduPnoWf6dGC365saTiwag8hP1imTgag=="],

    "@rollup/rollup-linux-x64-gnu": ["@rollup/rollup-linux-x64-gnu@4.36.0", "", { "os": "linux", "cpu": "x64" }, "sha512-5KtoW8UWmwFKQ96aQL3LlRXX16IMwyzMq/jSSVIIyAANiE1doaQsx/KRyhAvpHlPjPiSU/AYX/8m+lQ9VToxFQ=="],

    "@rollup/rollup-linux-x64-musl": ["@rollup/rollup-linux-x64-musl@4.36.0", "", { "os": "linux", "cpu": "x64" }, "sha512-sycrYZPrv2ag4OCvaN5js+f01eoZ2U+RmT5as8vhxiFz+kxwlHrsxOwKPSA8WyS+Wc6Epid9QeI/IkQ9NkgYyQ=="],

    "@rollup/rollup-win32-arm64-msvc": ["@rollup/rollup-win32-arm64-msvc@4.36.0", "", { "os": "win32", "cpu": "arm64" }, "sha512-qbqt4N7tokFwwSVlWDsjfoHgviS3n/vZ8LK0h1uLG9TYIRuUTJC88E1xb3LM2iqZ/WTqNQjYrtmtGmrmmawB6A=="],

    "@rollup/rollup-win32-ia32-msvc": ["@rollup/rollup-win32-ia32-msvc@4.36.0", "", { "os": "win32", "cpu": "ia32" }, "sha512-t+RY0JuRamIocMuQcfwYSOkmdX9dtkr1PbhKW42AMvaDQa+jOdpUYysroTF/nuPpAaQMWp7ye+ndlmmthieJrQ=="],

    "@rollup/rollup-win32-x64-msvc": ["@rollup/rollup-win32-x64-msvc@4.36.0", "", { "os": "win32", "cpu": "x64" }, "sha512-aRXd7tRZkWLqGbChgcMMDEHjOKudo1kChb1Jt1IfR8cY/KIpgNviLeJy5FUb9IpSuQj8dU2fAYNMPW/hLKOSTw=="],

    "@types/estree": ["@types/estree@1.0.6", "", {}, "sha512-AYnb1nQyY49te+VRAVgmzfcgjYS91mY5P0TKUDCLEM+gNnA+3T6rWITXRLYCpahpqSQbN5cE+gHpnPyXjHWxcw=="],

    "angle-normals": ["angle-normals@1.0.0", "", {}, "sha512-QF3h4vmrAmlFHF8Lwzgdz6Z/Yb5a2/klWxpqUpRCbFgXKe2d7Ey5PRMi4gS73PP+SYjZa+S46HtjuHlHv4w6BA=="],

    "bit-twiddle": ["bit-twiddle@1.0.2", "", {}, "sha512-B9UhK0DKFZhoTFcfvAzhqsjStvGJp9vYWf3+6SNTtdSQnvIgfkHbgHrg/e4+TH71N2GDu8tpmCVoyfrL1d7ntA=="],

    "bunny": ["bunny@1.0.1", "", {}, "sha512-KsMt755E0AVYjeUnQeOPtVNGuDLiWjJ6VIoyywLmVx5R6QliuL5AS0X/gi+ORDDlBZfOaDBAqdqCv5XAlF9tCQ=="],

    "conway-hart": ["conway-hart@0.1.0", "", {}, "sha512-oZfi8OH1wSEf0tWwjj7yWvpvJO9qFVzkvlxS4W+k0Hi9p9b5CKaOHTxDzcWeF9vjGj4uP4dsweUmEWA6DZEoxg=="],

    "cube-mesh": ["cube-mesh@0.0.4", "", { "dependencies": { "dup": "~0.0.0", "fuse-vertices": "~0.1.2", "grid-mesh": "~0.1.0", "simplicial-disjoint-union": "~0.0.0" } }, "sha512-J7/kbT4/AvSHfcJGkWpJUobILCgAkaEBZHEqzizfLnzKyKXacf1lsJVY1gyqcM8jP2wpSjyppMlf8yJtze1dbA=="],

    "dat.gui": ["dat.gui@0.7.9", "", {}, "sha512-sCNc1OHobc+Erc1HqiswYgHdVNpSJUlk/Hz8vzOCsER7rl+oF/4+v8GXFUyCgtXpoCX6+bnmg07DedLvBLwYKQ=="],

    "data-uri-to-buffer": ["data-uri-to-buffer@4.0.1", "", {}, "sha512-0R9ikRb668HB7QDxT1vkpuUBtqc53YyAwMwGeUFKRojY/NWKvdZ+9UYtRfGmhqNbRkTSVpMbmyhXipFFv2cb/A=="],

    "dup": ["dup@0.0.0", "", {}, "sha512-gfPVn3o0/vNDPsVcLGQqwrVXBELWi4EyIo+Pl6ImnYpXEHbfGPfc6m5bfJlBQI8dr8d8A4AlDaH/inn331GIEA=="],

    "esbuild": ["esbuild@0.25.1", "", { "optionalDependencies": { "@esbuild/aix-ppc64": "0.25.1", "@esbuild/android-arm": "0.25.1", "@esbuild/android-arm64": "0.25.1", "@esbuild/android-x64": "0.25.1", "@esbuild/darwin-arm64": "0.25.1", "@esbuild/darwin-x64": "0.25.1", "@esbuild/freebsd-arm64": "0.25.1", "@esbuild/freebsd-x64": "0.25.1", "@esbuild/linux-arm": "0.25.1", "@esbuild/linux-arm64": "0.25.1", "@esbuild/linux-ia32": "0.25.1", "@esbuild/linux-loong64": "0.25.1", "@esbuild/linux-mips64el": "0.25.1", "@esbuild/linux-ppc64": "0.25.1", "@esbuild/linux-riscv64": "0.25.1", "@esbuild/linux-s390x": "0.25.1", "@esbuild/linux-x64": "0.25.1", "@esbuild/netbsd-arm64": "0.25.1", "@esbuild/netbsd-x64": "0.25.1", "@esbuild/openbsd-arm64": "0.25.1", "@esbuild/openbsd-x64": "0.25.1", "@esbuild/sunos-x64": "0.25.1", "@esbuild/win32-arm64": "0.25.1", "@esbuild/win32-ia32": "0.25.1", "@esbuild/win32-x64": "0.25.1" }, "bin": { "esbuild": "bin/esbuild" } }, "sha512-BGO5LtrGC7vxnqucAe/rmvKdJllfGaYWdyABvyMoXQlfYMb2bbRuReWR5tEGE//4LcNJj9XrkovTqNYRFZHAMQ=="],

    "estree-walker": ["estree-walker@2.0.2", "", {}, "sha512-Rfkk/Mp/DL7JVje3u18FxFujQlTNR2q6QfMSMB7AvCBx91NGj/ba3kCfza0f6dVDbw7YlRf/nDrn7pQrCCyQ/w=="],

    "fetch-blob": ["fetch-blob@3.2.0", "", { "dependencies": { "node-domexception": "^1.0.0", "web-streams-polyfill": "^3.0.3" } }, "sha512-7yAQpD2UMJzLi1Dqv7qFYnPbaPx7ZfFK6PiIxQ4PfkGPyNyl2Ugx+a/umUonmKqjhM4DnfbMvdX6otXq83soQQ=="],

    "formdata-polyfill": ["formdata-polyfill@4.0.10", "", { "dependencies": { "fetch-blob": "^3.1.2" } }, "sha512-buewHzMvYL29jdeQTVILecSaZKnt/RJWjoZCF5OW60Z67/GmSLBkOFM7qh1PI3zFNtJbaZL5eQu1vLfazOwj4g=="],

    "fsevents": ["fsevents@2.3.3", "", { "os": "darwin" }, "sha512-5xoDfX+fL7faATnagmWPpbFtwh/R77WmMMqqHGS65C3vvB0YHrgF+B1YmZ3441tMj5n63k0212XNoJwzlhffQw=="],

    "fuse-vertices": ["fuse-vertices@0.1.2", "", { "dependencies": { "generic-slice": "~0.0.0", "iota-array": "~0.0.0", "n-body-pairs": "~0.1.0" } }, "sha512-mEGnmyDErLYfbfqOKMG7qI6XRFGeprIxcFQnbqJpX/JiVsQ8UUUYkN/YS4K66OmBEiHfgUqP6Ej1VIhBadJwQA=="],

    "generic-slice": ["generic-slice@0.0.1", "", { "dependencies": { "sliced": "~0.0.5" } }, "sha512-kKI1PLdvDxbfZNoVp17AJGXwbKT7qadq6Xc43onzDsWuN0VvniJgX3X9fTVn/HexxG9re35bkci92TtXYlxSLw=="],

    "gl-mat3": ["gl-mat3@2.0.0", "", {}, "sha512-/RfKyizhztkG+gH07lA0/OI9uXVEqDrvjza1U8kZc3Sjvn/iT1a99jyL1WtLzXMn/BYp0geE2/DsNp9GCXp28Q=="],

    "gl-mat4": ["gl-mat4@1.2.0", "", {}, "sha512-sT5C0pwB1/e9G9AvAoLsoaJtbMGjfd/jfxo8jMCKqYYEnjZuFvqV5rehqar0538EmssjdDeiEWnKyBSTw7quoA=="],

    "gl-vec3": ["gl-vec3@1.1.3", "", {}, "sha512-jduKUqT0SGH02l8Yl+mV1yVsDfYgQAJyXGxkJQGyxPLHRiW25DwVIRPt6uvhrEMHftJfqhqKthRcyZqNEl9Xdw=="],

    "grid-mesh": ["grid-mesh@0.1.0", "", { "dependencies": { "dup": "~0.0.0" } }, "sha512-/EmfZb891d832JEDHnC+OFjRCYBaP3kLoxI50I0U+X+6MiDUlWb/3k4Nksni5/6kwNHxhRv0uyCt2QifU7mO4w=="],

    "icosphere": ["icosphere@1.0.0", "", { "dependencies": { "vectors": "^0.1.0" } }, "sha512-UUgOSPK2axSPG6uKrnOc302qOmJ39FkRlA7VgLPb3A0EgsNanl/S7i+8HQlKMr09ZLdnGB8G6/Lsuu0kxgdiOA=="],

    "iota-array": ["iota-array@0.0.1", "", {}, "sha512-Exn3VxXRLk5r4AbiqaplwS53dApZ3n8dH6O9LK5nNLMVn9dhnNIHlqSf2pSi89v+LJXGM+4B6sxFNynVHihDBQ=="],

    "loop-subdivide": ["loop-subdivide@1.0.0", "", { "dependencies": { "simplicial-complex": "^1.0.0" } }, "sha512-A8HRqJYKncgmR1T/QoG0Tv/KII8t0YiuNdCxxHYGsWJbxFCBxSbs0EBXFqK92nxNm88JyyMNT1wR2JGPN7i5lg=="],

    "mouse-change": ["mouse-change@1.4.0", "", { "dependencies": { "mouse-event": "^1.0.0" } }, "sha512-vpN0s+zLL2ykyyUDh+fayu9Xkor5v/zRD9jhSqjRS1cJTGS0+oakVZzNm5n19JvvEj0you+MXlYTpNxUDQUjkQ=="],

    "mouse-event": ["mouse-event@1.0.5", "", {}, "sha512-ItUxtL2IkeSKSp9cyaX2JLUuKk2uMoxBg4bbOWVd29+CskYJR9BGsUqtXenNzKbnDshvupjUewDIYVrOB6NmGw=="],

    "n-body-pairs": ["n-body-pairs@0.1.0", "", {}, "sha512-aZZ9Efep2HqG3u8WZcIk1oOwrihbFQCnF8jFFz6wAGT9meq4JZPaytGID3MV9EXaI+b+Gl5FE8cO7gPNA3P9qw=="],

    "nanoid": ["nanoid@3.3.11", "", { "bin": { "nanoid": "bin/nanoid.cjs" } }, "sha512-N8SpfPUnUp1bK+PMYW8qSWdl9U+wwNWI4QKxOYDy9JAro3WMX7p2OeVRF9v+347pnakNevPmiHhNmZ2HbFA76w=="],

    "node-domexception": ["node-domexception@1.0.0", "", {}, "sha512-/jKZoMpw0F8GRwl4/eLROPA3cfcXtLApP0QzLmUT/HuPCZWyB7IY9ZrMeKw2O/nFIqPQB3PVM9aYm0F312AXDQ=="],

    "node-fetch": ["node-fetch@3.3.2", "", { "dependencies": { "data-uri-to-buffer": "^4.0.0", "fetch-blob": "^3.1.4", "formdata-polyfill": "^4.0.10" } }, "sha512-dRB78srN/l6gqWulah9SrxeYnxeddIG30+GOqK/9OlLVyLg3HPnr6SqOWTWOXKRwC2eGYCkZ59NNuSgvSrpgOA=="],

    "picocolors": ["picocolors@1.1.1", "", {}, "sha512-xceH2snhtb5M9liqDsmEw56le376mTZkEX/jEb/RxNFyegNul7eNslCXP9FDj/Lcu0X8KEyMceP2ntpaHrDEVA=="],

    "picomatch": ["picomatch@4.0.2", "", {}, "sha512-M7BAV6Rlcy5u+m6oPhAPFgJTzAioX/6B0DxyvDlo9l8+T3nLKbrczg2WLUyzd45L8RqfUMyGPzekbMvX2Ldkwg=="],

    "postcss": ["postcss@8.5.3", "", { "dependencies": { "nanoid": "^3.3.8", "picocolors": "^1.1.1", "source-map-js": "^1.2.1" } }, "sha512-dle9A3yYxlBSrt8Fu+IpjGT8SY8hN0mlaA6GY8t0P5PjIOZemULz/E2Bnm/2dcUOena75OTNkHI76uZBNUUq3A=="],

    "primitive-sphere": ["primitive-sphere@3.0.0", "", { "dependencies": { "gl-mat4": "^1.1.4", "gl-vec3": "^1.0.3" } }, "sha512-qWdk0LMwcO45plX2Y00IRFTlEzvwXEzpLCMV2CGdO13s6iSY7wmoftOlYabBZ1Ng3/3IOcADYpLdgD7+si82+g=="],

    "regl": ["regl@2.1.1", "", {}, "sha512-+IOGrxl3FZ8ZM9ixCWQZzFRiRn7Rzn9bu3iFHwg/yz4tlOUQgbO4PHLgG+1ZT60zcIV8tief6Qrmyl8qcoJP0g=="],

    "resl": ["resl@1.0.3", "", {}, "sha512-8Z+92d1TJjGIko9+YL/GTg3sZT1n07+rjHJuQgBH4y57vyDRgtnUzubhaI21mOz3zCvz10Hbv3xAAyAVyPrUOQ=="],

    "rollup": ["rollup@4.36.0", "", { "dependencies": { "@types/estree": "1.0.6" }, "optionalDependencies": { "@rollup/rollup-android-arm-eabi": "4.36.0", "@rollup/rollup-android-arm64": "4.36.0", "@rollup/rollup-darwin-arm64": "4.36.0", "@rollup/rollup-darwin-x64": "4.36.0", "@rollup/rollup-freebsd-arm64": "4.36.0", "@rollup/rollup-freebsd-x64": "4.36.0", "@rollup/rollup-linux-arm-gnueabihf": "4.36.0", "@rollup/rollup-linux-arm-musleabihf": "4.36.0", "@rollup/rollup-linux-arm64-gnu": "4.36.0", "@rollup/rollup-linux-arm64-musl": "4.36.0", "@rollup/rollup-linux-loongarch64-gnu": "4.36.0", "@rollup/rollup-linux-powerpc64le-gnu": "4.36.0", "@rollup/rollup-linux-riscv64-gnu": "4.36.0", "@rollup/rollup-linux-s390x-gnu": "4.36.0", "@rollup/rollup-linux-x64-gnu": "4.36.0", "@rollup/rollup-linux-x64-musl": "4.36.0", "@rollup/rollup-win32-arm64-msvc": "4.36.0", "@rollup/rollup-win32-ia32-msvc": "4.36.0", "@rollup/rollup-win32-x64-msvc": "4.36.0", "fsevents": "~2.3.2" }, "bin": { "rollup": "dist/bin/rollup" } }, "sha512-zwATAXNQxUcd40zgtQG0ZafcRK4g004WtEl7kbuhTWPvf07PsfohXl39jVUvPF7jvNAIkKPQ2XrsDlWuxBd++Q=="],

    "simplicial-complex": ["simplicial-complex@1.0.0", "", { "dependencies": { "bit-twiddle": "^1.0.0", "union-find": "^1.0.0" } }, "sha512-mHauIKSOy3GquM5VnYEiu7eP5y4A8BiaN9ezUUgyYFz1k68PqDYcyaH3kenp2cyvWZE96QKE3nrxYw65Allqiw=="],

    "simplicial-disjoint-union": ["simplicial-disjoint-union@0.0.0", "", { "dependencies": { "simplicial-complex": "~0.3.3" } }, "sha512-7tNOofsRS4KAN61TqrADweoFP8kArxfdqM72AQgpKPqbAyunmFFj9JFDo9EfVWHKAQadJ8w4koLgjisz3CRNwQ=="],

    "sliced": ["sliced@0.0.5", "", {}, "sha512-9bYT917D6H3+q8GlQBJmLVz3bc4OeVGfZ2BB12wvLnluTGfG6/8UdOUbKJDW1EEx9SZMDbjnatkau5/XcUeyOw=="],

    "source-map-js": ["source-map-js@1.2.1", "", {}, "sha512-UXWMKhLOwVKb728IUtQPXxfYU+usdybtUrK/8uGE8CQMvrhOpwvzDBwj0QhSL7MQc7vIsISBG8VQ8+IDQxpfQA=="],

    "sphere-mesh": ["sphere-mesh@0.2.2", "", { "dependencies": { "cube-mesh": "~0.0.4" } }, "sha512-io/ITHAjAYRkcCNRiivWrRDu28SPViFR0PNRjoi8SFQdvhrRZ77sUBnFGi1slqPWJPBhWKBRiq9TaGc60RuRyA=="],

    "union-find": ["union-find@1.0.2", "", {}, "sha512-wFA9bMD/40k7ZcpKVXfu6X1qD3ri5ryO8HUsuA1RnxPCQl66Mu6DgkxyR+XNnd+osD0aLENixcJVFj+uf+O4gw=="],

    "vectors": ["vectors@0.1.0", "", {}, "sha512-M+SJegggr8k43NppOL2WgIWZiJ+cFu6Ftc/Cv84yp1N5QepIh3kQx+snGKk/jcSbMtYoWLed1R1A2SKJqZEgsw=="],

    "vite": ["vite@6.2.2", "", { "dependencies": { "esbuild": "^0.25.0", "postcss": "^8.5.3", "rollup": "^4.30.1" }, "optionalDependencies": { "fsevents": "~2.3.3" }, "peerDependencies": { "@types/node": "^18.0.0 || ^20.0.0 || >=22.0.0", "jiti": ">=1.21.0", "less": "*", "lightningcss": "^1.21.0", "sass": "*", "sass-embedded": "*", "stylus": "*", "sugarss": "*", "terser": "^5.16.0", "tsx": "^4.8.1", "yaml": "^2.4.2" }, "optionalPeers": ["@types/node", "jiti", "less", "lightningcss", "sass", "sass-embedded", "stylus", "sugarss", "terser", "tsx", "yaml"], "bin": { "vite": "bin/vite.js" } }, "sha512-yW7PeMM+LkDzc7CgJuRLMW2Jz0FxMOsVJ8Lv3gpgW9WLcb9cTW+121UEr1hvmfR7w3SegR5ItvYyzVz1vxNJgQ=="],

    "vite-bundle-analyzer": ["vite-bundle-analyzer@0.18.1", "", { "bin": { "analyze": "dist/bin.js" } }, "sha512-VQgrvxRuiZuOhM61p85lGpxzWR3TUbgn1LYtCBL09LUVoKy+yoxPwWTq+ihuPqT5L4tp0Jiiaa/dGYIRF8Guag=="],

    "vite-plugin-lygia-resolver": ["vite-plugin-lygia-resolver@1.4.2", "", { "dependencies": { "@rollup/pluginutils": "^5.1.4", "node-fetch": "^3.3.2" }, "peerDependencies": { "vite": "^3.0.0 || ^4.0.0 || ^5.0.0 || ^6.0.0" } }, "sha512-GEECA26gCFY+hT6kZa8cOFt63wqY/5NHzcbSSLcvkl+3s3ePAc3iyvdNjVDMzy8FwZduKi+hKMmeYgkGv4MVOA=="],

    "web-streams-polyfill": ["web-streams-polyfill@3.3.3", "", {}, "sha512-d2JWLCivmZYTSIoge9MsgFCZrt571BikcWGYkjC1khllbTeDlGqZ2D8vD8E/lJa8WGWbb7Plm8/XJYV7IJHZZw=="],

    "simplicial-disjoint-union/simplicial-complex": ["simplicial-complex@0.3.3", "", { "dependencies": { "bit-twiddle": "~0.0.1", "union-find": "~0.0.3" } }, "sha512-JFSxp7I5yORuKSuwGN96thhkqZVvYB4pkTMkk+PKP2QsOYYU1e84OBoHwOpFyFmjyvB9B3UDZKzHQI5S/CPUPA=="],

    "simplicial-disjoint-union/simplicial-complex/bit-twiddle": ["bit-twiddle@0.0.2", "", {}, "sha512-76iFAOrkcuw5UPA30Pt32XaytMHXz/04JembgIwsQAp7ImHYSWNq1shBbrlWf6CUvh1+amQ81LI8hNhqQgsBEw=="],

    "simplicial-disjoint-union/simplicial-complex/union-find": ["union-find@0.0.4", "", {}, "sha512-207oken6EyGDCBK5l/LTPsWfgy8N8s6idwRK2TG0ssWhzPlxEDdBA8nIV+eLbkEMdA8pAwE8F7/xwv2sCESVjQ=="],
  }
}
